
Microsoft Visual Studio Solution File, Format Version 12.00
# Visual Studio Version 17
VisualStudioVersion = 17.0.32126.317
MinimumVisualStudioVersion = 10.0.40219.1
Project("{9A19103F-16F7-4668-BE54-9A1E7A4F7556}") = "ToDoLIst", "ToDoLIst\ToDoLIst.csproj", "{942ECFBD-BDFA-4E51-8236-395847C3DC07}"
EndProject
Project("{9A19103F-16F7-4668-BE54-9A1E7A4F7556}") = "Eyetrack", "Eyetrack\Eyetrack.csproj", "{DE9AD2ED-FBE7-4FB8-8384-2C358ABAA7BF}"
EndProject
Project("{9A19103F-16F7-4668-BE54-9A1E7A4F7556}") = "FileEncrypter", "FileEncrypter\FileEncrypter.csproj", "{49FFEEF2-2D18-4AB9-910F-EA4AF2F2DD36}"
EndProject
Project("{9A19103F-16F7-4668-BE54-9A1E7A4F7556}") = "ConsoleApp1", "ConsoleApp1\ConsoleApp1.csproj", "{7309C0B3-5967-4937-8975-E421539A7151}"
EndProject
Project("{9A19103F-16F7-4668-BE54-9A1E7A4F7556}") = "McCalculator", "McCalculator\McCalculator.csproj", "{9E7EB139-F385-4B31-938D-AECEB09B2A57}"
EndProject
Project("{9A19103F-16F7-4668-BE54-9A1E7A4F7556}") = "myMath", "myMath\myMath.csproj", "{63ED9BBC-4F24-4D19-9A48-BB667F60CCE8}"
EndProject
Project("{FAE04EC0-301F-11D3-BF4B-00C04F79EFBC}") = "test", "test\test.csproj", "{11FA3021-FC8B-4FC1-9DA5-89BC8CCFE3A2}"
EndProject
Global
	GlobalSection(SolutionConfigurationPlatforms) = preSolution
		Debug|Any CPU = Debug|Any CPU
		Release|Any CPU = Release|Any CPU
	EndGlobalSection
	GlobalSection(ProjectConfigurationPlatforms) = postSolution
		{942ECFBD-BDFA-4E51-8236-395847C3DC07}.Debug|Any CPU.ActiveCfg = Debug|Any CPU
		{942ECFBD-BDFA-4E51-8236-395847C3DC07}.Debug|Any CPU.Build.0 = Debug|Any CPU
		{942ECFBD-BDFA-4E51-8236-395847C3DC07}.Release|Any CPU.ActiveCfg = Release|Any CPU
		{942ECFBD-BDFA-4E51-8236-395847C3DC07}.Release|Any CPU.Build.0 = Release|Any CPU
		{DE9AD2ED-FBE7-4FB8-8384-2C358ABAA7BF}.Debug|Any CPU.ActiveCfg = Debug|Any CPU
		{DE9AD2ED-FBE7-4FB8-8384-2C358ABAA7BF}.Debug|Any CPU.Build.0 = Debug|Any CPU
		{DE9AD2ED-FBE7-4FB8-8384-2C358ABAA7BF}.Release|Any CPU.ActiveCfg = Release|Any CPU
		{DE9AD2ED-FBE7-4FB8-8384-2C358ABAA7BF}.Release|Any CPU.Build.0 = Release|Any CPU
		{49FFEEF2-2D18-4AB9-910F-EA4AF2F2DD36}.Debug|Any CPU.ActiveCfg = Debug|Any CPU
		{49FFEEF2-2D18-4AB9-910F-EA4AF2F2DD36}.Debug|Any CPU.Build.0 = Debug|Any CPU
		{49FFEEF2-2D18-4AB9-910F-EA4AF2F2DD36}.Release|Any CPU.ActiveCfg = Release|Any CPU
		{49FFEEF2-2D18-4AB9-910F-EA4AF2F2DD36}.Release|Any CPU.Build.0 = Release|Any CPU
		{7309C0B3-5967-4937-8975-E421539A7151}.Debug|Any CPU.ActiveCfg = Debug|Any CPU
		{7309C0B3-5967-4937-8975-E421539A7151}.Debug|Any CPU.Build.0 = Debug|Any CPU
		{7309C0B3-5967-4937-8975-E421539A7151}.Release|Any CPU.ActiveCfg = Release|Any CPU
		{7309C0B3-5967-4937-8975-E421539A7151}.Release|Any CPU.Build.0 = Release|Any CPU
		{9E7EB139-F385-4B31-938D-AECEB09B2A57}.Debug|Any CPU.ActiveCfg = Debug|Any CPU
		{9E7EB139-F385-4B31-938D-AECEB09B2A57}.Debug|Any CPU.Build.0 = Debug|Any CPU
		{9E7EB139-F385-4B31-938D-AECEB09B2A57}.Release|Any CPU.ActiveCfg = Release|Any CPU
		{9E7EB139-F385-4B31-938D-AECEB09B2A57}.Release|Any CPU.Build.0 = Release|Any CPU
		{63ED9BBC-4F24-4D19-9A48-BB667F60CCE8}.Debug|Any CPU.ActiveCfg = Debug|Any CPU
		{63ED9BBC-4F24-4D19-9A48-BB667F60CCE8}.Debug|Any CPU.Build.0 = Debug|Any CPU
		{63ED9BBC-4F24-4D19-9A48-BB667F60CCE8}.Release|Any CPU.ActiveCfg = Release|Any CPU
		{63ED9BBC-4F24-4D19-9A48-BB667F60CCE8}.Release|Any CPU.Build.0 = Release|Any CPU
		{11FA3021-FC8B-4FC1-9DA5-89BC8CCFE3A2}.Debug|Any CPU.ActiveCfg = Debug|Any CPU
		{11FA3021-FC8B-4FC1-9DA5-89BC8CCFE3A2}.Debug|Any CPU.Build.0 = Debug|Any CPU
		{11FA3021-FC8B-4FC1-9DA5-89BC8CCFE3A2}.Release|Any CPU.ActiveCfg = Release|Any CPU
		{11FA3021-FC8B-4FC1-9DA5-89BC8CCFE3A2}.Release|Any CPU.Build.0 = Release|Any CPU
	EndGlobalSection
	GlobalSection(SolutionProperties) = preSolution
		HideSolutionNode = FALSE
	EndGlobalSection
	GlobalSection(ExtensibilityGlobals) = postSolution
		SolutionGuid = {C010EA7B-987F-4BDB-B6CD-D2FA2B95595F}
	EndGlobalSection
EndGlobal
