
Microsoft Visual Studio Solution File, Format Version 12.00
# Visual Studio Version 17
VisualStudioVersion = 17.0.32126.317
MinimumVisualStudioVersion = 10.0.40219.1
Project("{FAE04EC0-301F-11D3-BF4B-00C04F79EFBC}") = "Challenge", "Challenge\Challenge.csproj", "{2426448F-A1D6-41D2-A6F1-34DE05D9F007}"
EndProject
Global
	GlobalSection(SolutionConfigurationPlatforms) = preSolution
		Debug|Any CPU = Debug|Any CPU
		Release|Any CPU = Release|Any CPU
	EndGlobalSection
	GlobalSection(ProjectConfigurationPlatforms) = postSolution
		{2426448F-A1D6-41D2-A6F1-34DE05D9F007}.Debug|Any CPU.ActiveCfg = Debug|Any CPU
		{2426448F-A1D6-41D2-A6F1-34DE05D9F007}.Debug|Any CPU.Build.0 = Debug|Any CPU
		{2426448F-A1D6-41D2-A6F1-34DE05D9F007}.Release|Any CPU.ActiveCfg = Release|Any CPU
		{2426448F-A1D6-41D2-A6F1-34DE05D9F007}.Release|Any CPU.Build.0 = Release|Any CPU
	EndGlobalSection
	GlobalSection(SolutionProperties) = preSolution
		HideSolutionNode = FALSE
	EndGlobalSection
	GlobalSection(ExtensibilityGlobals) = postSolution
		SolutionGuid = {E39EA1B6-398F-4B0B-9B6D-8155A98A448E}
	EndGlobalSection
EndGlobal
