
Microsoft Visual Studio Solution File, Format Version 12.00
# Visual Studio Version 17
VisualStudioVersion = 17.0.32126.317
MinimumVisualStudioVersion = 10.0.40219.1
Project("{9A19103F-16F7-4668-BE54-9A1E7A4F7556}") = "Game2", "Game2.csproj", "{2333DF7B-DB58-44AF-92A8-66FE94BD69F8}"
EndProject
Global
	GlobalSection(SolutionConfigurationPlatforms) = preSolution
		Debug|Any CPU = Debug|Any CPU
		Release|Any CPU = Release|Any CPU
	EndGlobalSection
	GlobalSection(ProjectConfigurationPlatforms) = postSolution
		{2333DF7B-DB58-44AF-92A8-66FE94BD69F8}.Debug|Any CPU.ActiveCfg = Debug|Any CPU
		{2333DF7B-DB58-44AF-92A8-66FE94BD69F8}.Debug|Any CPU.Build.0 = Debug|Any CPU
		{2333DF7B-DB58-44AF-92A8-66FE94BD69F8}.Release|Any CPU.ActiveCfg = Release|Any CPU
		{2333DF7B-DB58-44AF-92A8-66FE94BD69F8}.Release|Any CPU.Build.0 = Release|Any CPU
	EndGlobalSection
	GlobalSection(SolutionProperties) = preSolution
		HideSolutionNode = FALSE
	EndGlobalSection
	GlobalSection(ExtensibilityGlobals) = postSolution
		SolutionGuid = {ED480E89-D217-4624-B1B7-BB353E37B8A3}
	EndGlobalSection
EndGlobal
