
Microsoft Visual Studio Solution File, Format Version 12.00
# Visual Studio Version 17
VisualStudioVersion = 17.0.32126.317
MinimumVisualStudioVersion = 10.0.40219.1
Project("{FAE04EC0-301F-11D3-BF4B-00C04F79EFBC}") = "lesson6", "lesson6\lesson6.csproj", "{737BC034-8780-4CD3-8321-DA6C7320837C}"
EndProject
Project("{FAE04EC0-301F-11D3-BF4B-00C04F79EFBC}") = "ConsoleApplication1", "ConsoleApplication1\ConsoleApplication1.csproj", "{45992D3E-F547-419E-82E0-8B23D021C533}"
EndProject
Project("{FAE04EC0-301F-11D3-BF4B-00C04F79EFBC}") = "matrix", "matrix\matrix.csproj", "{B966E38F-8F94-4A80-A46E-13098E345856}"
EndProject
Project("{FAE04EC0-301F-11D3-BF4B-00C04F79EFBC}") = "matrix+normal", "ConsoleApplication2\matrix+normal.csproj", "{172369AA-7F6E-4FF2-9FA8-919F71410720}"
EndProject
Project("{FAE04EC0-301F-11D3-BF4B-00C04F79EFBC}") = "sort", "sort\sort.csproj", "{4245602A-0BEB-4E5C-A716-EFB670A29B73}"
EndProject
Project("{9A19103F-16F7-4668-BE54-9A1E7A4F7556}") = "Sortbinary", "Sortbinary\Sortbinary.csproj", "{C0D6CF8E-F0B2-47AE-B3D3-159A1B2EFD30}"
EndProject
Project("{9A19103F-16F7-4668-BE54-9A1E7A4F7556}") = "graphic messing", "graphic messing\graphic messing.csproj", "{1C66F55F-97EB-476B-9B70-E4F51253EF28}"
EndProject
Project("{9A19103F-16F7-4668-BE54-9A1E7A4F7556}") = "lesson11", "lesson11\lesson11.csproj", "{22049641-89F6-4150-9CAB-1322E58CDAD9}"
EndProject
Project("{9A19103F-16F7-4668-BE54-9A1E7A4F7556}") = "normalCalcTest", "normalCalcTest\normalCalcTest.csproj", "{AB638919-7C16-495B-B389-8144E79B472E}"
EndProject
Project("{9A19103F-16F7-4668-BE54-9A1E7A4F7556}") = "lesson12ReadDecode", "lesson12ReadDecode\lesson12ReadDecode.csproj", "{5A131E35-529E-43F4-B673-E8F2BAE19B24}"
EndProject
Project("{9A19103F-16F7-4668-BE54-9A1E7A4F7556}") = "case", "case\case.csproj", "{FDADBA44-A4E5-4B62-9BF5-4BB42392A9D2}"
EndProject
Project("{9A19103F-16F7-4668-BE54-9A1E7A4F7556}") = "lesson14GenericCollections", "lesson14GenericCollections\lesson14GenericCollections.csproj", "{CF714CDD-B9BF-4CCE-AFB4-C91FDCED5366}"
EndProject
Project("{FAE04EC0-301F-11D3-BF4B-00C04F79EFBC}") = "Lesson16Enum", "Lesson16Enum\Lesson16Enum.csproj", "{65ED4E83-1127-4F96-B883-B22F628F9147}"
EndProject
Global
	GlobalSection(SolutionConfigurationPlatforms) = preSolution
		Debug|Any CPU = Debug|Any CPU
		Release|Any CPU = Release|Any CPU
	EndGlobalSection
	GlobalSection(ProjectConfigurationPlatforms) = postSolution
		{737BC034-8780-4CD3-8321-DA6C7320837C}.Debug|Any CPU.ActiveCfg = Debug|Any CPU
		{737BC034-8780-4CD3-8321-DA6C7320837C}.Debug|Any CPU.Build.0 = Debug|Any CPU
		{737BC034-8780-4CD3-8321-DA6C7320837C}.Release|Any CPU.ActiveCfg = Release|Any CPU
		{737BC034-8780-4CD3-8321-DA6C7320837C}.Release|Any CPU.Build.0 = Release|Any CPU
		{45992D3E-F547-419E-82E0-8B23D021C533}.Debug|Any CPU.ActiveCfg = Debug|Any CPU
		{45992D3E-F547-419E-82E0-8B23D021C533}.Debug|Any CPU.Build.0 = Debug|Any CPU
		{45992D3E-F547-419E-82E0-8B23D021C533}.Release|Any CPU.ActiveCfg = Release|Any CPU
		{45992D3E-F547-419E-82E0-8B23D021C533}.Release|Any CPU.Build.0 = Release|Any CPU
		{B966E38F-8F94-4A80-A46E-13098E345856}.Debug|Any CPU.ActiveCfg = Debug|Any CPU
		{B966E38F-8F94-4A80-A46E-13098E345856}.Debug|Any CPU.Build.0 = Debug|Any CPU
		{B966E38F-8F94-4A80-A46E-13098E345856}.Release|Any CPU.ActiveCfg = Release|Any CPU
		{B966E38F-8F94-4A80-A46E-13098E345856}.Release|Any CPU.Build.0 = Release|Any CPU
		{172369AA-7F6E-4FF2-9FA8-919F71410720}.Debug|Any CPU.ActiveCfg = Debug|Any CPU
		{172369AA-7F6E-4FF2-9FA8-919F71410720}.Debug|Any CPU.Build.0 = Debug|Any CPU
		{172369AA-7F6E-4FF2-9FA8-919F71410720}.Release|Any CPU.ActiveCfg = Release|Any CPU
		{172369AA-7F6E-4FF2-9FA8-919F71410720}.Release|Any CPU.Build.0 = Release|Any CPU
		{4245602A-0BEB-4E5C-A716-EFB670A29B73}.Debug|Any CPU.ActiveCfg = Debug|Any CPU
		{4245602A-0BEB-4E5C-A716-EFB670A29B73}.Debug|Any CPU.Build.0 = Debug|Any CPU
		{4245602A-0BEB-4E5C-A716-EFB670A29B73}.Release|Any CPU.ActiveCfg = Release|Any CPU
		{4245602A-0BEB-4E5C-A716-EFB670A29B73}.Release|Any CPU.Build.0 = Release|Any CPU
		{C0D6CF8E-F0B2-47AE-B3D3-159A1B2EFD30}.Debug|Any CPU.ActiveCfg = Debug|Any CPU
		{C0D6CF8E-F0B2-47AE-B3D3-159A1B2EFD30}.Debug|Any CPU.Build.0 = Debug|Any CPU
		{C0D6CF8E-F0B2-47AE-B3D3-159A1B2EFD30}.Release|Any CPU.ActiveCfg = Release|Any CPU
		{C0D6CF8E-F0B2-47AE-B3D3-159A1B2EFD30}.Release|Any CPU.Build.0 = Release|Any CPU
		{1C66F55F-97EB-476B-9B70-E4F51253EF28}.Debug|Any CPU.ActiveCfg = Debug|Any CPU
		{1C66F55F-97EB-476B-9B70-E4F51253EF28}.Debug|Any CPU.Build.0 = Debug|Any CPU
		{1C66F55F-97EB-476B-9B70-E4F51253EF28}.Release|Any CPU.ActiveCfg = Release|Any CPU
		{1C66F55F-97EB-476B-9B70-E4F51253EF28}.Release|Any CPU.Build.0 = Release|Any CPU
		{22049641-89F6-4150-9CAB-1322E58CDAD9}.Debug|Any CPU.ActiveCfg = Debug|Any CPU
		{22049641-89F6-4150-9CAB-1322E58CDAD9}.Debug|Any CPU.Build.0 = Debug|Any CPU
		{22049641-89F6-4150-9CAB-1322E58CDAD9}.Release|Any CPU.ActiveCfg = Release|Any CPU
		{22049641-89F6-4150-9CAB-1322E58CDAD9}.Release|Any CPU.Build.0 = Release|Any CPU
		{AB638919-7C16-495B-B389-8144E79B472E}.Debug|Any CPU.ActiveCfg = Debug|Any CPU
		{AB638919-7C16-495B-B389-8144E79B472E}.Debug|Any CPU.Build.0 = Debug|Any CPU
		{AB638919-7C16-495B-B389-8144E79B472E}.Release|Any CPU.ActiveCfg = Release|Any CPU
		{AB638919-7C16-495B-B389-8144E79B472E}.Release|Any CPU.Build.0 = Release|Any CPU
		{5A131E35-529E-43F4-B673-E8F2BAE19B24}.Debug|Any CPU.ActiveCfg = Debug|Any CPU
		{5A131E35-529E-43F4-B673-E8F2BAE19B24}.Debug|Any CPU.Build.0 = Debug|Any CPU
		{5A131E35-529E-43F4-B673-E8F2BAE19B24}.Release|Any CPU.ActiveCfg = Release|Any CPU
		{5A131E35-529E-43F4-B673-E8F2BAE19B24}.Release|Any CPU.Build.0 = Release|Any CPU
		{FDADBA44-A4E5-4B62-9BF5-4BB42392A9D2}.Debug|Any CPU.ActiveCfg = Debug|Any CPU
		{FDADBA44-A4E5-4B62-9BF5-4BB42392A9D2}.Debug|Any CPU.Build.0 = Debug|Any CPU
		{FDADBA44-A4E5-4B62-9BF5-4BB42392A9D2}.Release|Any CPU.ActiveCfg = Release|Any CPU
		{FDADBA44-A4E5-4B62-9BF5-4BB42392A9D2}.Release|Any CPU.Build.0 = Release|Any CPU
		{CF714CDD-B9BF-4CCE-AFB4-C91FDCED5366}.Debug|Any CPU.ActiveCfg = Debug|Any CPU
		{CF714CDD-B9BF-4CCE-AFB4-C91FDCED5366}.Debug|Any CPU.Build.0 = Debug|Any CPU
		{CF714CDD-B9BF-4CCE-AFB4-C91FDCED5366}.Release|Any CPU.ActiveCfg = Release|Any CPU
		{CF714CDD-B9BF-4CCE-AFB4-C91FDCED5366}.Release|Any CPU.Build.0 = Release|Any CPU
		{65ED4E83-1127-4F96-B883-B22F628F9147}.Debug|Any CPU.ActiveCfg = Debug|Any CPU
		{65ED4E83-1127-4F96-B883-B22F628F9147}.Debug|Any CPU.Build.0 = Debug|Any CPU
		{65ED4E83-1127-4F96-B883-B22F628F9147}.Release|Any CPU.ActiveCfg = Release|Any CPU
		{65ED4E83-1127-4F96-B883-B22F628F9147}.Release|Any CPU.Build.0 = Release|Any CPU
	EndGlobalSection
	GlobalSection(SolutionProperties) = preSolution
		HideSolutionNode = FALSE
	EndGlobalSection
	GlobalSection(ExtensibilityGlobals) = postSolution
		SolutionGuid = {B3284483-CD16-4BBA-ADA6-5F3DBE2C2451}
	EndGlobalSection
EndGlobal
